hash: 297b27fea01a9368db24594d3b9c78e98b014850c9ef074b178f471359be5dbc
updated: 2019-03-24T15:00:11.815103-05:00
imports:
- name: github.com/mattn/go-runewidth
  version: 3ee7d812e62a0804a7d0a324e0249ca2db3476d3
- name: github.com/olekukonko/tablewriter
  version: e6d60cf7ba1f42d86d54cdf5508611c4aafb3970
testImports: []
